
Microsoft Visual Studio Solution File, Format Version 12.00
# Visual Studio Version 17
VisualStudioVersion = 17.14.36202.13
MinimumVisualStudioVersion = 10.0.40219.1
Project("{FAE04EC0-301F-11D3-BF4B-00C04F79EFBC}") = "QLCafeHV", "QLCafeHV\QLCafeHV.csproj", "{ACF014CB-ECE6-4725-8F04-42B768F9033C}"
EndProject
Project("{2150E333-8FDC-42A3-9474-1A3956D46DE8}") = "Solution Items", "Solution Items", "{8EC462FD-D22E-90A8-E5CE-7E832BA40C5D}"
	ProjectSection(SolutionItems) = preProject
		.gitignore = .gitignore
	EndProjectSection
EndProject
Project("{2150E333-8FDC-42A3-9474-1A3956D46DE8}") = "FaceAI", "FaceAI", "{6EA459C6-70F4-46B0-8B57-E45CF2E8DAEA}"
	ProjectSection(SolutionItems) = preProject
		app.py = app.py
		requirements.txt = requirements.txt
	EndProjectSection
EndProject
Global
	GlobalSection(SolutionConfigurationPlatforms) = preSolution
		Debug|Any CPU = Debug|Any CPU
		Release|Any CPU = Release|Any CPU
	EndGlobalSection
	GlobalSection(ProjectConfigurationPlatforms) = postSolution
		{ACF014CB-ECE6-4725-8F04-42B768F9033C}.Debug|Any CPU.ActiveCfg = Debug|Any CPU
		{ACF014CB-ECE6-4725-8F04-42B768F9033C}.Debug|Any CPU.Build.0 = Debug|Any CPU
		{ACF014CB-ECE6-4725-8F04-42B768F9033C}.Release|Any CPU.ActiveCfg = Release|Any CPU
		{ACF014CB-ECE6-4725-8F04-42B768F9033C}.Release|Any CPU.Build.0 = Release|Any CPU
	EndGlobalSection
	GlobalSection(SolutionProperties) = preSolution
		HideSolutionNode = FALSE
	EndGlobalSection
	GlobalSection(ExtensibilityGlobals) = postSolution
		SolutionGuid = {00833E85-2489-4DD9-8CB8-90083502CE9B}
	EndGlobalSection
EndGlobal
